
Microsoft Visual Studio Solution File, Format Version 12.00
# Visual Studio Version 16
VisualStudioVersion = 16.0.28729.10
MinimumVisualStudioVersion = 10.0.40219.1
Project("{FAE04EC0-301F-11D3-BF4B-00C04F79EFBC}") = "FilesSizeApp", "FilesSizeApp\FilesSizeApp.csproj", "{5624C9F8-C003-47E8-AFC4-F0D12BBC64E7}"
EndProject
Project("{9A19103F-16F7-4668-BE54-9A1E7A4F7556}") = "FilesSizeApp.Tests", "FilesSizeApp.Tests\FilesSizeApp.Tests.csproj", "{44515B8E-F365-4210-8C20-BF7FD76F4886}"
EndProject
Global
	GlobalSection(SolutionConfigurationPlatforms) = preSolution
		Debug|Any CPU = Debug|Any CPU
		Release|Any CPU = Release|Any CPU
	EndGlobalSection
	GlobalSection(ProjectConfigurationPlatforms) = postSolution
		{5624C9F8-C003-47E8-AFC4-F0D12BBC64E7}.Debug|Any CPU.ActiveCfg = Debug|Any CPU
		{5624C9F8-C003-47E8-AFC4-F0D12BBC64E7}.Debug|Any CPU.Build.0 = Debug|Any CPU
		{5624C9F8-C003-47E8-AFC4-F0D12BBC64E7}.Release|Any CPU.ActiveCfg = Release|Any CPU
		{5624C9F8-C003-47E8-AFC4-F0D12BBC64E7}.Release|Any CPU.Build.0 = Release|Any CPU
		{44515B8E-F365-4210-8C20-BF7FD76F4886}.Debug|Any CPU.ActiveCfg = Debug|Any CPU
		{44515B8E-F365-4210-8C20-BF7FD76F4886}.Debug|Any CPU.Build.0 = Debug|Any CPU
		{44515B8E-F365-4210-8C20-BF7FD76F4886}.Release|Any CPU.ActiveCfg = Release|Any CPU
		{44515B8E-F365-4210-8C20-BF7FD76F4886}.Release|Any CPU.Build.0 = Release|Any CPU
	EndGlobalSection
	GlobalSection(SolutionProperties) = preSolution
		HideSolutionNode = FALSE
	EndGlobalSection
	GlobalSection(ExtensibilityGlobals) = postSolution
		SolutionGuid = {839885CB-A4D9-43A4-93E5-4B5D43B40492}
	EndGlobalSection
EndGlobal
